
Microsoft Visual Studio Solution File, Format Version 10.00
# Visual Studio 2008
Project("{2150E333-8FDC-42A3-9474-1A3956D46DE8}") = "Solution Items", "Solution Items", "{DD42FD7E-5202-4DF7-894B-DE6C3EA87DAA}"
	ProjectSection(SolutionItems) = preProject
		README.markdown = README.markdown
	EndProjectSection
EndProject
Project("{FAE04EC0-301F-11D3-BF4B-00C04F79EFBC}") = "ParkingGarage.Core", "src\ParkingGarage.Core\ParkingGarage.Core.csproj", "{2976BC38-F33E-40BC-BDC3-AACD47A79E75}"
EndProject
Project("{FAE04EC0-301F-11D3-BF4B-00C04F79EFBC}") = "ParkingGarage.Specs", "src\ParkingGarage.Specs\ParkingGarage.Specs.csproj", "{5E4D5764-D507-4695-970A-39959CBFC510}"
EndProject
Global
	GlobalSection(SolutionConfigurationPlatforms) = preSolution
		Debug|Any CPU = Debug|Any CPU
		Release|Any CPU = Release|Any CPU
	EndGlobalSection
	GlobalSection(ProjectConfigurationPlatforms) = postSolution
		{2976BC38-F33E-40BC-BDC3-AACD47A79E75}.Debug|Any CPU.ActiveCfg = Debug|Any CPU
		{2976BC38-F33E-40BC-BDC3-AACD47A79E75}.Debug|Any CPU.Build.0 = Debug|Any CPU
		{2976BC38-F33E-40BC-BDC3-AACD47A79E75}.Release|Any CPU.ActiveCfg = Release|Any CPU
		{2976BC38-F33E-40BC-BDC3-AACD47A79E75}.Release|Any CPU.Build.0 = Release|Any CPU
		{5E4D5764-D507-4695-970A-39959CBFC510}.Debug|Any CPU.ActiveCfg = Debug|Any CPU
		{5E4D5764-D507-4695-970A-39959CBFC510}.Debug|Any CPU.Build.0 = Debug|Any CPU
		{5E4D5764-D507-4695-970A-39959CBFC510}.Release|Any CPU.ActiveCfg = Release|Any CPU
		{5E4D5764-D507-4695-970A-39959CBFC510}.Release|Any CPU.Build.0 = Release|Any CPU
	EndGlobalSection
	GlobalSection(SolutionProperties) = preSolution
		HideSolutionNode = FALSE
	EndGlobalSection
EndGlobal
